// !$*UTF8*$!
{
	archiveVersion = 1;
	classes = {
	};
	objectVersion = 46;
	objects = {

/* Begin PBXBuildFile section */
		70765E951CE5A9CB00ED3B37 /* boom.gif in Resources */ = {isa = PBXBuildFile; fileRef = 70765E941CE5A9CB00ED3B37 /* boom.gif */; };
		709BAC4C1CE473B300F9548D /* main.m in Sources */ = {isa = PBXBuildFile; fileRef = 709BAC4B1CE473B300F9548D /* main.m */; };
		709BAC4F1CE473B300F9548D /* AppDelegate.m in Sources */ = {isa = PBXBuildFile; fileRef = 709BAC4E1CE473B300F9548D /* AppDelegate.m */; };
		709BAC521CE473B300F9548D /* ViewController.m in Sources */ = {isa = PBXBuildFile; fileRef = 709BAC511CE473B300F9548D /* ViewController.m */; };
		709BAC571CE473B300F9548D /* Assets.xcassets in Resources */ = {isa = PBXBuildFile; fileRef = 709BAC561CE473B300F9548D /* Assets.xcassets */; };
		709BAC5A1CE473B300F9548D /* LaunchScreen.storyboard in Resources */ = {isa = PBXBuildFile; fileRef = 709BAC581CE473B300F9548D /* LaunchScreen.storyboard */; };
		709BAC621CE473DB00F9548D /* start.png in Resources */ = {isa = PBXBuildFile; fileRef = 709BAC611CE473DB00F9548D /* start.png */; };
		709BAC641CE474B900F9548D /* plane.jpg in Resources */ = {isa = PBXBuildFile; fileRef = 709BAC631CE474B900F9548D /* plane.jpg */; };
/* End PBXBuildFile section */

/* Begin PBXFileReference section */
		70765E941CE5A9CB00ED3B37 /* boom.gif */ = {isa = PBXFileReference; lastKnownFileType = image.gif; path = boom.gif; sourceTree = "<group>"; };
		709BAC471CE473B300F9548D /* 2016.5.12.PlantWithNSTimer.app */ = {isa = PBXFileReference; explicitFileType = wrapper.application; includeInIndex = 0; path = 2016.5.12.PlantWithNSTimer.app; sourceTree = BUILT_PRODUCTS_DIR; };
		709BAC4B1CE473B300F9548D /* main.m */ = {isa = PBXFileReference; lastKnownFileType = sourcecode.c.objc; path = main.m; sourceTree = "<group>"; };
		709BAC4D1CE473B300F9548D /* AppDelegate.h */ = {isa = PBXFileReference; lastKnownFileType = sourcecode.c.h; path = AppDelegate.h; sourceTree = "<group>"; };
		709BAC4E1CE473B300F9548D /* AppDelegate.m */ = {isa = PBXFileReference; lastKnownFileType = sourcecode.c.objc; path = AppDelegate.m; sourceTree = "<group>"; };
		709BAC501CE473B300F9548D /* ViewController.h */ = {isa = PBXFileReference; lastKnownFileType = sourcecode.c.h; path = ViewController.h; sourceTree = "<group>"; };
		709BAC511CE473B300F9548D /* ViewController.m */ = {isa = PBXFileReference; lastKnownFileType = sourcecode.c.objc; path = ViewController.m; sourceTree = "<group>"; };
		709BAC561CE473B300F9548D /* Assets.xcassets */ = {isa = PBXFileReference; lastKnownFileType = folder.assetcatalog; path = Assets.xcassets; sourceTree = "<group>"; };
		709BAC591CE473B300F9548D /* Base */ = {isa = PBXFileReference; lastKnownFileType = file.storyboard; name = Base; path = Base.lproj/LaunchScreen.storyboard; sourceTree = "<group>"; };
		709BAC5B1CE473B300F9548D /* Info.plist */ = {isa = PBXFileReference; lastKnownFileType = text.plist.xml; path = Info.plist; sourceTree = "<group>"; };
		709BAC611CE473DB00F9548D /* start.png */ = {isa = PBXFileReference; lastKnownFileType = image.png; path = start.png; sourceTree = "<group>"; };
		709BAC631CE474B900F9548D /* plane.jpg */ = {isa = PBXFileReference; lastKnownFileType = image.jpeg; path = plane.jpg; sourceTree = "<group>"; };
/* End PBXFileReference section */

/* Begin PBXFrameworksBuildPhase section */
		709BAC441CE473B300F9548D /* Frameworks */ = {
			isa = PBXFrameworksBuildPhase;
			buildActionMask = 2147483647;
			files = (
			);
			runOnlyForDeploymentPostprocessing = 0;
		};
/* End PBXFrameworksBuildPhase section */

/* Begin PBXGroup section */
		709BAC3E1CE473B300F9548D = {
			isa = PBXGroup;
			children = (
				709BAC491CE473B300F9548D /* 2016.5.12.PlantWithNSTimer */,
				709BAC481CE473B300F9548D /* Products */,
			);
			sourceTree = "<group>";
		};
		709BAC481CE473B300F9548D /* Products */ = {
			isa = PBXGroup;
			children = (
				709BAC471CE473B300F9548D /* 2016.5.12.PlantWithNSTimer.app */,
			);
			name = Products;
			sourceTree = "<group>";
		};
		709BAC491CE473B300F9548D /* 2016.5.12.PlantWithNSTimer */ = {
			isa = PBXGroup;
			children = (
				709BAC4D1CE473B300F9548D /* AppDelegate.h */,
				709BAC4E1CE473B300F9548D /* AppDelegate.m */,
				709BAC501CE473B300F9548D /* ViewController.h */,
				709BAC511CE473B300F9548D /* ViewController.m */,
				70765E941CE5A9CB00ED3B37 /* boom.gif */,
				709BAC631CE474B900F9548D /* plane.jpg */,
				709BAC611CE473DB00F9548D /* start.png */,
				709BAC561CE473B300F9548D /* Assets.xcassets */,
				709BAC581CE473B300F9548D /* LaunchScreen.storyboard */,
				709BAC5B1CE473B300F9548D /* Info.plist */,
				709BAC4A1CE473B300F9548D /* Supporting Files */,
			);
			path = 2016.5.12.PlantWithNSTimer;
			sourceTree = "<group>";
		};
		709BAC4A1CE473B300F9548D /* Supporting Files */ = {
			isa = PBXGroup;
			children = (
				709BAC4B1CE473B300F9548D /* main.m */,
			);
			name = "Supporting Files";
			sourceTree = "<group>";
		};
/* End PBXGroup section */

/* Begin PBXNativeTarget section */
		709BAC461CE473B300F9548D /* 2016.5.12.PlantWithNSTimer */ = {
			isa = PBXNativeTarget;
			buildConfigurationList = 709BAC5E1CE473B300F9548D /* Build configuration list for PBXNativeTarget "2016.5.12.PlantWithNSTimer" */;
			buildPhases = (
				709BAC431CE473B300F9548D /* Sources */,
				709BAC441CE473B300F9548D /* Frameworks */,
				709BAC451CE473B300F9548D /* Resources */,
			);
			buildRules = (
			);
			dependencies = (
			);
			name = 2016.5.12.PlantWithNSTimer;
			productName = 2016.5.12.PlantWithNSTimer;
			productReference = 709BAC471CE473B300F9548D /* 2016.5.12.PlantWithNSTimer.app */;
			productType = "com.apple.product-type.application";
		};
/* End PBXNativeTarget section */

/* Begin PBXProject section */
		709BAC3F1CE473B300F9548D /* Project object */ = {
			isa = PBXProject;
			attributes = {
				LastUpgradeCheck = 0710;
				ORGANIZATIONNAME = xinyanyuan;
				TargetAttributes = {
					709BAC461CE473B300F9548D = {
						CreatedOnToolsVersion = 7.1;
					};
				};
			};
			buildConfigurationList = 709BAC421CE473B300F9548D /* Build configuration list for PBXProject "2016.5.12.PlantWithNSTimer" */;
			compatibilityVersion = "Xcode 3.2";
			developmentRegion = English;
			hasScannedForEncodings = 0;
			knownRegions = (
				en,
				Base,
			);
			mainGroup = 709BAC3E1CE473B300F9548D;
			productRefGroup = 709BAC481CE473B300F9548D /* Products */;
			projectDirPath = "";
			projectRoot = "";
			targets = (
				709BAC461CE473B300F9548D /* 2016.5.12.PlantWithNSTimer */,
			);
		};
/* End PBXProject section */

/* Begin PBXResourcesBuildPhase section */
		709BAC451CE473B300F9548D /* Resources */ = {
			isa = PBXResourcesBuildPhase;
			buildActionMask = 2147483647;
			files = (
				709BAC641CE474B900F9548D /* plane.jpg in Resources */,
				709BAC5A1CE473B300F9548D /* LaunchScreen.storyboard in Resources */,
				70765E951CE5A9CB00ED3B37 /* boom.gif in Resources */,
				709BAC621CE473DB00F9548D /* start.png in Resources */,
				709BAC571CE473B300F9548D /* Assets.xcassets in Resources */,
			);
			runOnlyForDeploymentPostprocessing = 0;
		};
/* End PBXResourcesBuildPhase section */

/* Begin PBXSourcesBuildPhase section */
		709BAC431CE473B300F9548D /* Sources */ = {
			isa = PBXSourcesBuildPhase;
			buildActionMask = 2147483647;
			files = (
				709BAC521CE473B300F9548D /* ViewController.m in Sources */,
				709BAC4F1CE473B300F9548D /* AppDelegate.m in Sources */,
				709BAC4C1CE473B300F9548D /* main.m in Sources */,
			);
			runOnlyForDeploymentPostprocessing = 0;
		};
/* End PBXSourcesBuildPhase section */

/* Begin PBXVariantGroup section */
		709BAC581CE473B300F9548D /* LaunchScreen.storyboard */ = {
			isa = PBXVariantGroup;
			children = (
				709BAC591CE473B300F9548D /* Base */,
			);
			name = LaunchScreen.storyboard;
			sourceTree = "<group>";
		};
/* End PBXVariantGroup section */

/* Begin XCBuildConfiguration section */
		709BAC5C1CE473B300F9548D /* Debug */ = {
			isa = XCBuildConfiguration;
			buildSettings = {
				ALWAYS_SEARCH_USER_PATHS = NO;
				CLANG_CXX_LANGUAGE_STANDARD = "gnu++0x";
				CLANG_CXX_LIBRARY = "libc++";
				CLANG_ENABLE_MODULES = YES;
				CLANG_ENABLE_OBJC_ARC = YES;
				CLANG_WARN_BOOL_CONVERSION = YES;
				CLANG_WARN_CONSTANT_CONVERSION = YES;
				CLANG_WARN_DIRECT_OBJC_ISA_USAGE = YES_ERROR;
				CLANG_WARN_EMPTY_BODY = YES;
				CLANG_WARN_ENUM_CONVERSION = YES;
				CLANG_WARN_INT_CONVERSION = YES;
				CLANG_WARN_OBJC_ROOT_CLASS = YES_ERROR;
				CLANG_WARN_UNREACHABLE_CODE = YES;
				CLANG_WARN__DUPLICATE_METHOD_MATCH = YES;
				"CODE_SIGN_IDENTITY[sdk=iphoneos*]" = "iPhone Developer";
				COPY_PHASE_STRIP = NO;
				DEBUG_INFORMATION_FORMAT = dwarf;
				ENABLE_STRICT_OBJC_MSGSEND = YES;
				ENABLE_TESTABILITY = YES;
				GCC_C_LANGUAGE_STANDARD = gnu99;
				GCC_DYNAMIC_NO_PIC = NO;
				GCC_NO_COMMON_BLOCKS = YES;
				GCC_OPTIMIZATION_LEVEL = 0;
				GCC_PREPROCESSOR_DEFINITIONS = (
					"DEBUG=1",
					"$(inherited)",
				);
				GCC_WARN_64_TO_32_BIT_CONVERSION = YES;
				GCC_WARN_ABOUT_RETURN_TYPE = YES_ERROR;
				GCC_WARN_UNDECLARED_SELECTOR = YES;
				GCC_WARN_UNINITIALIZED_AUTOS = YES_AGGRESSIVE;
				GCC_WARN_UNUSED_FUNCTION = YES;
				GCC_WARN_UNUSED_VARIABLE = YES;
				IPHONEOS_DEPLOYMENT_TARGET = 9.1;
				MTL_ENABLE_DEBUG_INFO = YES;
				ONLY_ACTIVE_ARCH = YES;
				SDKROOT = iphoneos;
				TARGETED_DEVICE_FAMILY = "1,2";
			};
			name = Debug;
		};
		709BAC5D1CE473B300F9548D /* Release */ = {
			isa = XCBuildConfiguration;
			buildSettings = {
				ALWAYS_SEARCH_USER_PATHS = NO;
				CLANG_CXX_LANGUAGE_STANDARD = "gnu++0x";
				CLANG_CXX_LIBRARY = "libc++";
				CLANG_ENABLE_MODULES = YES;
				CLANG_ENABLE_OBJC_ARC = YES;
				CLANG_WARN_BOOL_CONVERSION = YES;
				CLANG_WARN_CONSTANT_CONVERSION = YES;
				CLANG_WARN_DIRECT_OBJC_ISA_USAGE = YES_ERROR;
				CLANG_WARN_EMPTY_BODY = YES;
				CLANG_WARN_ENUM_CONVERSION = YES;
				CLANG_WARN_INT_CONVERSION = YES;
				CLANG_WARN_OBJC_ROOT_CLASS = YES_ERROR;
				CLANG_WARN_UNREACHABLE_CODE = YES;
				CLANG_WARN__DUPLICATE_METHOD_MATCH = YES;
				"CODE_SIGN_IDENTITY[sdk=iphoneos*]" = "iPhone Developer";
				COPY_PHASE_STRIP = NO;
				DEBUG_INFORMATION_FORMAT = "dwarf-with-dsym";
				ENABLE_NS_ASSERTIONS = NO;
				ENABLE_STRICT_OBJC_MSGSEND = YES;
				GCC_C_LANGUAGE_STANDARD = gnu99;
				GCC_NO_COMMON_BLOCKS = YES;
				GCC_WARN_64_TO_32_BIT_CONVERSION = YES;
				GCC_WARN_ABOUT_RETURN_TYPE = YES_ERROR;
				GCC_WARN_UNDECLARED_SELECTOR = YES;
				GCC_WARN_UNINITIALIZED_AUTOS = YES_AGGRESSIVE;
				GCC_WARN_UNUSED_FUNCTION = YES;
				GCC_WARN_UNUSED_VARIABLE = YES;
				IPHONEOS_DEPLOYMENT_TARGET = 9.1;
				MTL_ENABLE_DEBUG_INFO = NO;
				SDKROOT = iphoneos;
				TARGETED_DEVICE_FAMILY = "1,2";
				VALIDATE_PRODUCT = YES;
			};
			name = Release;
		};
		709BAC5F1CE473B300F9548D /* Debug */ = {
			isa = XCBuildConfiguration;
			buildSettings = {
				ASSETCATALOG_COMPILER_APPICON_NAME = AppIcon;
				INFOPLIST_FILE = 2016.5.12.PlantWithNSTimer/Info.plist;
				LD_RUNPATH_SEARCH_PATHS = "$(inherited) @executable_path/Frameworks";
				PRODUCT_BUNDLE_IDENTIFIER = "cn.com.xinyanyuan.-016-5-12-PlantWithNSTimer";
				PRODUCT_NAME = "$(TARGET_NAME)";
			};
			name = Debug;
		};
		709BAC601CE473B300F9548D /* Release */ = {
			isa = XCBuildConfiguration;
			buildSettings = {
				ASSETCATALOG_COMPILER_APPICON_NAME = AppIcon;
				INFOPLIST_FILE = 2016.5.12.PlantWithNSTimer/Info.plist;
				LD_RUNPATH_SEARCH_PATHS = "$(inherited) @executable_path/Frameworks";
				PRODUCT_BUNDLE_IDENTIFIER = "cn.com.xinyanyuan.-016-5-12-PlantWithNSTimer";
				PRODUCT_NAME = "$(TARGET_NAME)";
			};
			name = Release;
		};
/* End XCBuildConfiguration section */

/* Begin XCConfigurationList section */
		709BAC421CE473B300F9548D /* Build configuration list for PBXProject "2016.5.12.PlantWithNSTimer" */ = {
			isa = XCConfigurationList;
			buildConfigurations = (
				709BAC5C1CE473B300F9548D /* Debug */,
				709BAC5D1CE473B300F9548D /* Release */,
			);
			defaultConfigurationIsVisible = 0;
			defaultConfigurationName = Release;
		};
		709BAC5E1CE473B300F9548D /* Build configuration list for PBXNativeTarget "2016.5.12.PlantWithNSTimer" */ = {
			isa = XCConfigurationList;
			buildConfigurations = (
				709BAC5F1CE473B300F9548D /* Debug */,
				709BAC601CE473B300F9548D /* Release */,
			);
			defaultConfigurationIsVisible = 0;
			defaultConfigurationName = Release;
		};
/* End XCConfigurationList section */
	};
	rootObject = 709BAC3F1CE473B300F9548D /* Project object */;
}
